
Microsoft Visual Studio Solution File, Format Version 12.00
# Visual Studio Version 17
VisualStudioVersion = 17.3.32929.385
MinimumVisualStudioVersion = 10.0.40219.1
Project("{FAE04EC0-301F-11D3-BF4B-00C04F79EFBC}") = "ChromeWindowFix", "ChromeWindowFix.csproj", "{98F7A375-0E9D-4CF5-88FE-313EC56EFDC8}"
EndProject
Global
	GlobalSection(SolutionConfigurationPlatforms) = preSolution
		Debug|Any CPU = Debug|Any CPU
		Release|Any CPU = Release|Any CPU
	EndGlobalSection
	GlobalSection(ProjectConfigurationPlatforms) = postSolution
		{98F7A375-0E9D-4CF5-88FE-313EC56EFDC8}.Debug|Any CPU.ActiveCfg = Debug|Any CPU
		{98F7A375-0E9D-4CF5-88FE-313EC56EFDC8}.Debug|Any CPU.Build.0 = Debug|Any CPU
		{98F7A375-0E9D-4CF5-88FE-313EC56EFDC8}.Release|Any CPU.ActiveCfg = Release|Any CPU
		{98F7A375-0E9D-4CF5-88FE-313EC56EFDC8}.Release|Any CPU.Build.0 = Release|Any CPU
	EndGlobalSection
	GlobalSection(SolutionProperties) = preSolution
		HideSolutionNode = FALSE
	EndGlobalSection
	GlobalSection(ExtensibilityGlobals) = postSolution
		SolutionGuid = {975DCA7E-7C9A-4CDE-953F-193F24E241E9}
	EndGlobalSection
EndGlobal
